
Microsoft Visual Studio Solution File, Format Version 12.00
# Visual Studio 15
VisualStudioVersion = 15.0.27130.2027
MinimumVisualStudioVersion = 10.0.40219.1
Project("{FAE04EC0-301F-11D3-BF4B-00C04F79EFBC}") = "D2L.MQTT.Packets", "D2L.MQTT.Packets\D2L.MQTT.Packets.csproj", "{8AA9E7EF-7544-4F9B-97C0-C4BE8CDCC0A6}"
EndProject
Project("{FAE04EC0-301F-11D3-BF4B-00C04F79EFBC}") = "D2L.MQTT.Packets.Tests", "D2L.MQTT.Packets.Tests\D2L.MQTT.Packets.Tests.csproj", "{B9C4BA68-A158-4047-B9B7-09FFABE3687F}"
EndProject
Project("{2150E333-8FDC-42A3-9474-1A3956D46DE8}") = "Solution Items", "Solution Items", "{A54B7ABA-EF2C-49CD-84B6-87323D6CB614}"
	ProjectSection(SolutionItems) = preProject
		appveyor.yml = appveyor.yml
		LICENSE = LICENSE
		README.md = README.md
	EndProjectSection
EndProject
Global
	GlobalSection(SolutionConfigurationPlatforms) = preSolution
		Debug|Any CPU = Debug|Any CPU
		Release|Any CPU = Release|Any CPU
	EndGlobalSection
	GlobalSection(ProjectConfigurationPlatforms) = postSolution
		{8AA9E7EF-7544-4F9B-97C0-C4BE8CDCC0A6}.Debug|Any CPU.ActiveCfg = Debug|Any CPU
		{8AA9E7EF-7544-4F9B-97C0-C4BE8CDCC0A6}.Debug|Any CPU.Build.0 = Debug|Any CPU
		{8AA9E7EF-7544-4F9B-97C0-C4BE8CDCC0A6}.Release|Any CPU.ActiveCfg = Release|Any CPU
		{8AA9E7EF-7544-4F9B-97C0-C4BE8CDCC0A6}.Release|Any CPU.Build.0 = Release|Any CPU
		{B9C4BA68-A158-4047-B9B7-09FFABE3687F}.Debug|Any CPU.ActiveCfg = Debug|Any CPU
		{B9C4BA68-A158-4047-B9B7-09FFABE3687F}.Debug|Any CPU.Build.0 = Debug|Any CPU
		{B9C4BA68-A158-4047-B9B7-09FFABE3687F}.Release|Any CPU.ActiveCfg = Release|Any CPU
		{B9C4BA68-A158-4047-B9B7-09FFABE3687F}.Release|Any CPU.Build.0 = Release|Any CPU
	EndGlobalSection
	GlobalSection(SolutionProperties) = preSolution
		HideSolutionNode = FALSE
	EndGlobalSection
	GlobalSection(ExtensibilityGlobals) = postSolution
		SolutionGuid = {5EBBFC34-8CE6-4D13-ADD6-E8D8E7A05486}
	EndGlobalSection
EndGlobal
